
Microsoft Visual Studio Solution File, Format Version 12.00
# 
Project("{FAE04EC0-301F-11D3-BF4B-00C04F79EFBC}") = "Domain", "Domain\Domain.csproj", "{8E72857E-D1C5-4DC4-B69A-ECED628BF71D}"
EndProject
Project("{FAE04EC0-301F-11D3-BF4B-00C04F79EFBC}") = "Infrastructure", "Infrastructure\Infrastructure.csproj", "{8C605294-77DB-4EBB-97D0-C64632B0B7B6}"
EndProject
Project("{FAE04EC0-301F-11D3-BF4B-00C04F79EFBC}") = "WebApi", "WebApi\WebApi.csproj", "{B78B8D46-45F8-4D28-9F57-E0ECDB9C1B00}"
EndProject
Global
	GlobalSection(SolutionConfigurationPlatforms) = preSolution
		Debug|Any CPU = Debug|Any CPU
		Release|Any CPU = Release|Any CPU
	EndGlobalSection
	GlobalSection(ProjectConfigurationPlatforms) = postSolution
		{8E72857E-D1C5-4DC4-B69A-ECED628BF71D}.Debug|Any CPU.ActiveCfg = Debug|Any CPU
		{8E72857E-D1C5-4DC4-B69A-ECED628BF71D}.Debug|Any CPU.Build.0 = Debug|Any CPU
		{8E72857E-D1C5-4DC4-B69A-ECED628BF71D}.Release|Any CPU.ActiveCfg = Release|Any CPU
		{8E72857E-D1C5-4DC4-B69A-ECED628BF71D}.Release|Any CPU.Build.0 = Release|Any CPU
		{8C605294-77DB-4EBB-97D0-C64632B0B7B6}.Debug|Any CPU.ActiveCfg = Debug|Any CPU
		{8C605294-77DB-4EBB-97D0-C64632B0B7B6}.Debug|Any CPU.Build.0 = Debug|Any CPU
		{8C605294-77DB-4EBB-97D0-C64632B0B7B6}.Release|Any CPU.ActiveCfg = Release|Any CPU
		{8C605294-77DB-4EBB-97D0-C64632B0B7B6}.Release|Any CPU.Build.0 = Release|Any CPU
		{B78B8D46-45F8-4D28-9F57-E0ECDB9C1B00}.Debug|Any CPU.ActiveCfg = Debug|Any CPU
		{B78B8D46-45F8-4D28-9F57-E0ECDB9C1B00}.Debug|Any CPU.Build.0 = Debug|Any CPU
		{B78B8D46-45F8-4D28-9F57-E0ECDB9C1B00}.Release|Any CPU.ActiveCfg = Release|Any CPU
		{B78B8D46-45F8-4D28-9F57-E0ECDB9C1B00}.Release|Any CPU.Build.0 = Release|Any CPU
	EndGlobalSection
EndGlobal
